// !$*UTF8*$!
{
	archiveVersion = 1;
	classes = {
	};
	objectVersion = 46;
	objects = {

/* Begin PBXBuildFile section */
		FDCF8CD81AA06A4F00321706 /* AppDelegate.swift in Sources */ = {isa = PBXBuildFile; fileRef = FDCF8CD71AA06A4F00321706 /* AppDelegate.swift */; };
		FDCF8CDD1AA06A4F00321706 /* Main.storyboard in Resources */ = {isa = PBXBuildFile; fileRef = FDCF8CDB1AA06A4F00321706 /* Main.storyboard */; };
		FDCF8CDF1AA06A4F00321706 /* Images.xcassets in Resources */ = {isa = PBXBuildFile; fileRef = FDCF8CDE1AA06A4F00321706 /* Images.xcassets */; };
		FDCF8CE21AA06A4F00321706 /* LaunchScreen.xib in Resources */ = {isa = PBXBuildFile; fileRef = FDCF8CE01AA06A4F00321706 /* LaunchScreen.xib */; };
		FDCF8CEE1AA06A5000321706 /* CustomTable_1Tests.swift in Sources */ = {isa = PBXBuildFile; fileRef = FDCF8CED1AA06A5000321706 /* CustomTable_1Tests.swift */; };
		FDCF8CF81AA06A5900321706 /* TableViewCell.swift in Sources */ = {isa = PBXBuildFile; fileRef = FDCF8CF71AA06A5900321706 /* TableViewCell.swift */; };
		FDCF8CFA1AA06A5E00321706 /* balloon.swift in Sources */ = {isa = PBXBuildFile; fileRef = FDCF8CF91AA06A5E00321706 /* balloon.swift */; };
		FDCF8CFC1AA06A6100321706 /* data.swift in Sources */ = {isa = PBXBuildFile; fileRef = FDCF8CFB1AA06A6100321706 /* data.swift */; };
		FDCF8D041AA06A9600321706 /* orange.png in Resources */ = {isa = PBXBuildFile; fileRef = FDCF8CFD1AA06A9600321706 /* orange.png */; };
		FDCF8D051AA06A9600321706 /* red.png in Resources */ = {isa = PBXBuildFile; fileRef = FDCF8CFE1AA06A9600321706 /* red.png */; };
		FDCF8D061AA06A9600321706 /* pink.png in Resources */ = {isa = PBXBuildFile; fileRef = FDCF8CFF1AA06A9600321706 /* pink.png */; };
		FDCF8D071AA06A9600321706 /* white.png in Resources */ = {isa = PBXBuildFile; fileRef = FDCF8D001AA06A9600321706 /* white.png */; };
		FDCF8D081AA06A9600321706 /* blue.png in Resources */ = {isa = PBXBuildFile; fileRef = FDCF8D011AA06A9600321706 /* blue.png */; };
		FDCF8D091AA06A9600321706 /* yellow.png in Resources */ = {isa = PBXBuildFile; fileRef = FDCF8D021AA06A9600321706 /* yellow.png */; };
		FDCF8D0A1AA06A9600321706 /* green.png in Resources */ = {isa = PBXBuildFile; fileRef = FDCF8D031AA06A9600321706 /* green.png */; };
/* End PBXBuildFile section */

/* Begin PBXContainerItemProxy section */
		FDCF8CE81AA06A5000321706 /* PBXContainerItemProxy */ = {
			isa = PBXContainerItemProxy;
			containerPortal = FDCF8CCA1AA06A4F00321706 /* Project object */;
			proxyType = 1;
			remoteGlobalIDString = FDCF8CD11AA06A4F00321706;
			remoteInfo = CustomTable_1;
		};
/* End PBXContainerItemProxy section */

/* Begin PBXFileReference section */
		FDCF8CD21AA06A4F00321706 /* CustomTable_1.app */ = {isa = PBXFileReference; explicitFileType = wrapper.application; includeInIndex = 0; path = CustomTable_1.app; sourceTree = BUILT_PRODUCTS_DIR; };
		FDCF8CD61AA06A4F00321706 /* Info.plist */ = {isa = PBXFileReference; lastKnownFileType = text.plist.xml; path = Info.plist; sourceTree = "<group>"; };
		FDCF8CD71AA06A4F00321706 /* AppDelegate.swift */ = {isa = PBXFileReference; lastKnownFileType = sourcecode.swift; path = AppDelegate.swift; sourceTree = "<group>"; };
		FDCF8CDC1AA06A4F00321706 /* Base */ = {isa = PBXFileReference; lastKnownFileType = file.storyboard; name = Base; path = Base.lproj/Main.storyboard; sourceTree = "<group>"; };
		FDCF8CDE1AA06A4F00321706 /* Images.xcassets */ = {isa = PBXFileReference; lastKnownFileType = folder.assetcatalog; path = Images.xcassets; sourceTree = "<group>"; };
		FDCF8CE11AA06A4F00321706 /* Base */ = {isa = PBXFileReference; lastKnownFileType = file.xib; name = Base; path = Base.lproj/LaunchScreen.xib; sourceTree = "<group>"; };
		FDCF8CE71AA06A4F00321706 /* CustomTable_1Tests.xctest */ = {isa = PBXFileReference; explicitFileType = wrapper.cfbundle; includeInIndex = 0; path = CustomTable_1Tests.xctest; sourceTree = BUILT_PRODUCTS_DIR; };
		FDCF8CEC1AA06A5000321706 /* Info.plist */ = {isa = PBXFileReference; lastKnownFileType = text.plist.xml; path = Info.plist; sourceTree = "<group>"; };
		FDCF8CED1AA06A5000321706 /* CustomTable_1Tests.swift */ = {isa = PBXFileReference; lastKnownFileType = sourcecode.swift; path = CustomTable_1Tests.swift; sourceTree = "<group>"; };
		FDCF8CF71AA06A5900321706 /* TableViewCell.swift */ = {isa = PBXFileReference; fileEncoding = 4; lastKnownFileType = sourcecode.swift; path = TableViewCell.swift; sourceTree = "<group>"; };
		FDCF8CF91AA06A5E00321706 /* balloon.swift */ = {isa = PBXFileReference; fileEncoding = 4; lastKnownFileType = sourcecode.swift; path = balloon.swift; sourceTree = "<group>"; };
		FDCF8CFB1AA06A6100321706 /* data.swift */ = {isa = PBXFileReference; fileEncoding = 4; lastKnownFileType = sourcecode.swift; path = data.swift; sourceTree = "<group>"; };
		FDCF8CFD1AA06A9600321706 /* orange.png */ = {isa = PBXFileReference; lastKnownFileType = image.png; path = orange.png; sourceTree = "<group>"; };
		FDCF8CFE1AA06A9600321706 /* red.png */ = {isa = PBXFileReference; lastKnownFileType = image.png; path = red.png; sourceTree = "<group>"; };
		FDCF8CFF1AA06A9600321706 /* pink.png */ = {isa = PBXFileReference; lastKnownFileType = image.png; path = pink.png; sourceTree = "<group>"; };
		FDCF8D001AA06A9600321706 /* white.png */ = {isa = PBXFileReference; lastKnownFileType = image.png; path = white.png; sourceTree = "<group>"; };
		FDCF8D011AA06A9600321706 /* blue.png */ = {isa = PBXFileReference; lastKnownFileType = image.png; path = blue.png; sourceTree = "<group>"; };
		FDCF8D021AA06A9600321706 /* yellow.png */ = {isa = PBXFileReference; lastKnownFileType = image.png; path = yellow.png; sourceTree = "<group>"; };
		FDCF8D031AA06A9600321706 /* green.png */ = {isa = PBXFileReference; lastKnownFileType = image.png; path = green.png; sourceTree = "<group>"; };
/* End PBXFileReference section */

/* Begin PBXFrameworksBuildPhase section */
		FDCF8CCF1AA06A4F00321706 /* Frameworks */ = {
			isa = PBXFrameworksBuildPhase;
			buildActionMask = 2147483647;
			files = (
			);
			runOnlyForDeploymentPostprocessing = 0;
		};
		FDCF8CE41AA06A4F00321706 /* Frameworks */ = {
			isa = PBXFrameworksBuildPhase;
			buildActionMask = 2147483647;
			files = (
			);
			runOnlyForDeploymentPostprocessing = 0;
		};
/* End PBXFrameworksBuildPhase section */

/* Begin PBXGroup section */
		FDCF8CC91AA06A4F00321706 = {
			isa = PBXGroup;
			children = (
				FDCF8CD41AA06A4F00321706 /* CustomTable_1 */,
				FDCF8CEA1AA06A5000321706 /* CustomTable_1Tests */,
				FDCF8CD31AA06A4F00321706 /* Products */,
			);
			sourceTree = "<group>";
		};
		FDCF8CD31AA06A4F00321706 /* Products */ = {
			isa = PBXGroup;
			children = (
				FDCF8CD21AA06A4F00321706 /* CustomTable_1.app */,
				FDCF8CE71AA06A4F00321706 /* CustomTable_1Tests.xctest */,
			);
			name = Products;
			sourceTree = "<group>";
		};
		FDCF8CD41AA06A4F00321706 /* CustomTable_1 */ = {
			isa = PBXGroup;
			children = (
				FDCF8CD71AA06A4F00321706 /* AppDelegate.swift */,
				FDCF8CF71AA06A5900321706 /* TableViewCell.swift */,
				FDCF8CF91AA06A5E00321706 /* balloon.swift */,
				FDCF8CFB1AA06A6100321706 /* data.swift */,
				FDCF8CDB1AA06A4F00321706 /* Main.storyboard */,
				FDCF8CDE1AA06A4F00321706 /* Images.xcassets */,
				FDCF8CE01AA06A4F00321706 /* LaunchScreen.xib */,
				FDCF8CD51AA06A4F00321706 /* Supporting Files */,
			);
			path = CustomTable_1;
			sourceTree = "<group>";
		};
		FDCF8CD51AA06A4F00321706 /* Supporting Files */ = {
			isa = PBXGroup;
			children = (
				FDCF8CFD1AA06A9600321706 /* orange.png */,
				FDCF8CFE1AA06A9600321706 /* red.png */,
				FDCF8CFF1AA06A9600321706 /* pink.png */,
				FDCF8D001AA06A9600321706 /* white.png */,
				FDCF8D011AA06A9600321706 /* blue.png */,
				FDCF8D021AA06A9600321706 /* yellow.png */,
				FDCF8D031AA06A9600321706 /* green.png */,
				FDCF8CD61AA06A4F00321706 /* Info.plist */,
			);
			name = "Supporting Files";
			sourceTree = "<group>";
		};
		FDCF8CEA1AA06A5000321706 /* CustomTable_1Tests */ = {
			isa = PBXGroup;
			children = (
				FDCF8CED1AA06A5000321706 /* CustomTable_1Tests.swift */,
				FDCF8CEB1AA06A5000321706 /* Supporting Files */,
			);
			path = CustomTable_1Tests;
			sourceTree = "<group>";
		};
		FDCF8CEB1AA06A5000321706 /* Supporting Files */ = {
			isa = PBXGroup;
			children = (
				FDCF8CEC1AA06A5000321706 /* Info.plist */,
			);
			name = "Supporting Files";
			sourceTree = "<group>";
		};
/* End PBXGroup section */

/* Begin PBXNativeTarget section */
		FDCF8CD11AA06A4F00321706 /* CustomTable_1 */ = {
			isa = PBXNativeTarget;
			buildConfigurationList = FDCF8CF11AA06A5000321706 /* Build configuration list for PBXNativeTarget "CustomTable_1" */;
			buildPhases = (
				FDCF8CCE1AA06A4F00321706 /* Sources */,
				FDCF8CCF1AA06A4F00321706 /* Frameworks */,
				FDCF8CD01AA06A4F00321706 /* Resources */,
			);
			buildRules = (
			);
			dependencies = (
			);
			name = CustomTable_1;
			productName = CustomTable_1;
			productReference = FDCF8CD21AA06A4F00321706 /* CustomTable_1.app */;
			productType = "com.apple.product-type.application";
		};
		FDCF8CE61AA06A4F00321706 /* CustomTable_1Tests */ = {
			isa = PBXNativeTarget;
			buildConfigurationList = FDCF8CF41AA06A5000321706 /* Build configuration list for PBXNativeTarget "CustomTable_1Tests" */;
			buildPhases = (
				FDCF8CE31AA06A4F00321706 /* Sources */,
				FDCF8CE41AA06A4F00321706 /* Frameworks */,
				FDCF8CE51AA06A4F00321706 /* Resources */,
			);
			buildRules = (
			);
			dependencies = (
				FDCF8CE91AA06A5000321706 /* PBXTargetDependency */,
			);
			name = CustomTable_1Tests;
			productName = CustomTable_1Tests;
			productReference = FDCF8CE71AA06A4F00321706 /* CustomTable_1Tests.xctest */;
			productType = "com.apple.product-type.bundle.unit-test";
		};
/* End PBXNativeTarget section */

/* Begin PBXProject section */
		FDCF8CCA1AA06A4F00321706 /* Project object */ = {
			isa = PBXProject;
			attributes = {
				LastUpgradeCheck = 0600;
				ORGANIZATIONNAME = iStudents;
				TargetAttributes = {
					FDCF8CD11AA06A4F00321706 = {
						CreatedOnToolsVersion = 6.0;
					};
					FDCF8CE61AA06A4F00321706 = {
						CreatedOnToolsVersion = 6.0;
						TestTargetID = FDCF8CD11AA06A4F00321706;
					};
				};
			};
			buildConfigurationList = FDCF8CCD1AA06A4F00321706 /* Build configuration list for PBXProject "CustomTable_1" */;
			compatibilityVersion = "Xcode 3.2";
			developmentRegion = English;
			hasScannedForEncodings = 0;
			knownRegions = (
				en,
				Base,
			);
			mainGroup = FDCF8CC91AA06A4F00321706;
			productRefGroup = FDCF8CD31AA06A4F00321706 /* Products */;
			projectDirPath = "";
			projectRoot = "";
			targets = (
				FDCF8CD11AA06A4F00321706 /* CustomTable_1 */,
				FDCF8CE61AA06A4F00321706 /* CustomTable_1Tests */,
			);
		};
/* End PBXProject section */

/* Begin PBXResourcesBuildPhase section */
		FDCF8CD01AA06A4F00321706 /* Resources */ = {
			isa = PBXResourcesBuildPhase;
			buildActionMask = 2147483647;
			files = (
				FDCF8CDD1AA06A4F00321706 /* Main.storyboard in Resources */,
				FDCF8D091AA06A9600321706 /* yellow.png in Resources */,
				FDCF8D041AA06A9600321706 /* orange.png in Resources */,
				FDCF8CE21AA06A4F00321706 /* LaunchScreen.xib in Resources */,
				FDCF8D081AA06A9600321706 /* blue.png in Resources */,
				FDCF8D051AA06A9600321706 /* red.png in Resources */,
				FDCF8CDF1AA06A4F00321706 /* Images.xcassets in Resources */,
				FDCF8D0A1AA06A9600321706 /* green.png in Resources */,
				FDCF8D071AA06A9600321706 /* white.png in Resources */,
				FDCF8D061AA06A9600321706 /* pink.png in Resources */,
			);
			runOnlyForDeploymentPostprocessing = 0;
		};
		FDCF8CE51AA06A4F00321706 /* Resources */ = {
			isa = PBXResourcesBuildPhase;
			buildActionMask = 2147483647;
			files = (
			);
			runOnlyForDeploymentPostprocessing = 0;
		};
/* End PBXResourcesBuildPhase section */

/* Begin PBXSourcesBuildPhase section */
		FDCF8CCE1AA06A4F00321706 /* Sources */ = {
			isa = PBXSourcesBuildPhase;
			buildActionMask = 2147483647;
			files = (
				FDCF8CF81AA06A5900321706 /* TableViewCell.swift in Sources */,
				FDCF8CD81AA06A4F00321706 /* AppDelegate.swift in Sources */,
				FDCF8CFC1AA06A6100321706 /* data.swift in Sources */,
				FDCF8CFA1AA06A5E00321706 /* balloon.swift in Sources */,
			);
			runOnlyForDeploymentPostprocessing = 0;
		};
		FDCF8CE31AA06A4F00321706 /* Sources */ = {
			isa = PBXSourcesBuildPhase;
			buildActionMask = 2147483647;
			files = (
				FDCF8CEE1AA06A5000321706 /* CustomTable_1Tests.swift in Sources */,
			);
			runOnlyForDeploymentPostprocessing = 0;
		};
/* End PBXSourcesBuildPhase section */

/* Begin PBXTargetDependency section */
		FDCF8CE91AA06A5000321706 /* PBXTargetDependency */ = {
			isa = PBXTargetDependency;
			target = FDCF8CD11AA06A4F00321706 /* CustomTable_1 */;
			targetProxy = FDCF8CE81AA06A5000321706 /* PBXContainerItemProxy */;
		};
/* End PBXTargetDependency section */

/* Begin PBXVariantGroup section */
		FDCF8CDB1AA06A4F00321706 /* Main.storyboard */ = {
			isa = PBXVariantGroup;
			children = (
				FDCF8CDC1AA06A4F00321706 /* Base */,
			);
			name = Main.storyboard;
			sourceTree = "<group>";
		};
		FDCF8CE01AA06A4F00321706 /* LaunchScreen.xib */ = {
			isa = PBXVariantGroup;
			children = (
				FDCF8CE11AA06A4F00321706 /* Base */,
			);
			name = LaunchScreen.xib;
			sourceTree = "<group>";
		};
/* End PBXVariantGroup section */

/* Begin XCBuildConfiguration section */
		FDCF8CEF1AA06A5000321706 /* Debug */ = {
			isa = XCBuildConfiguration;
			buildSettings = {
				ALWAYS_SEARCH_USER_PATHS = NO;
				CLANG_CXX_LANGUAGE_STANDARD = "gnu++0x";
				CLANG_CXX_LIBRARY = "libc++";
				CLANG_ENABLE_MODULES = YES;
				CLANG_ENABLE_OBJC_ARC = YES;
				CLANG_WARN_BOOL_CONVERSION = YES;
				CLANG_WARN_CONSTANT_CONVERSION = YES;
				CLANG_WARN_DIRECT_OBJC_ISA_USAGE = YES_ERROR;
				CLANG_WARN_EMPTY_BODY = YES;
				CLANG_WARN_ENUM_CONVERSION = YES;
				CLANG_WARN_INT_CONVERSION = YES;
				CLANG_WARN_OBJC_ROOT_CLASS = YES_ERROR;
				CLANG_WARN_UNREACHABLE_CODE = YES;
				CLANG_WARN__DUPLICATE_METHOD_MATCH = YES;
				"CODE_SIGN_IDENTITY[sdk=iphoneos*]" = "iPhone Developer";
				COPY_PHASE_STRIP = NO;
				ENABLE_STRICT_OBJC_MSGSEND = YES;
				GCC_C_LANGUAGE_STANDARD = gnu99;
				GCC_DYNAMIC_NO_PIC = NO;
				GCC_OPTIMIZATION_LEVEL = 0;
				GCC_PREPROCESSOR_DEFINITIONS = (
					"DEBUG=1",
					"$(inherited)",
				);
				GCC_SYMBOLS_PRIVATE_EXTERN = NO;
				GCC_WARN_64_TO_32_BIT_CONVERSION = YES;
				GCC_WARN_ABOUT_RETURN_TYPE = YES_ERROR;
				GCC_WARN_UNDECLARED_SELECTOR = YES;
				GCC_WARN_UNINITIALIZED_AUTOS = YES_AGGRESSIVE;
				GCC_WARN_UNUSED_FUNCTION = YES;
				GCC_WARN_UNUSED_VARIABLE = YES;
				IPHONEOS_DEPLOYMENT_TARGET = 8.0;
				MTL_ENABLE_DEBUG_INFO = YES;
				ONLY_ACTIVE_ARCH = YES;
				SDKROOT = iphoneos;
				SWIFT_OPTIMIZATION_LEVEL = "-Onone";
			};
			name = Debug;
		};
		FDCF8CF01AA06A5000321706 /* Release */ = {
			isa = XCBuildConfiguration;
			buildSettings = {
				ALWAYS_SEARCH_USER_PATHS = NO;
				CLANG_CXX_LANGUAGE_STANDARD = "gnu++0x";
				CLANG_CXX_LIBRARY = "libc++";
				CLANG_ENABLE_MODULES = YES;
				CLANG_ENABLE_OBJC_ARC = YES;
				CLANG_WARN_BOOL_CONVERSION = YES;
				CLANG_WARN_CONSTANT_CONVERSION = YES;
				CLANG_WARN_DIRECT_OBJC_ISA_USAGE = YES_ERROR;
				CLANG_WARN_EMPTY_BODY = YES;
				CLANG_WARN_ENUM_CONVERSION = YES;
				CLANG_WARN_INT_CONVERSION = YES;
				CLANG_WARN_OBJC_ROOT_CLASS = YES_ERROR;
				CLANG_WARN_UNREACHABLE_CODE = YES;
				CLANG_WARN__DUPLICATE_METHOD_MATCH = YES;
				"CODE_SIGN_IDENTITY[sdk=iphoneos*]" = "iPhone Developer";
				COPY_PHASE_STRIP = YES;
				ENABLE_NS_ASSERTIONS = NO;
				ENABLE_STRICT_OBJC_MSGSEND = YES;
				GCC_C_LANGUAGE_STANDARD = gnu99;
				GCC_WARN_64_TO_32_BIT_CONVERSION = YES;
				GCC_WARN_ABOUT_RETURN_TYPE = YES_ERROR;
				GCC_WARN_UNDECLARED_SELECTOR = YES;
				GCC_WARN_UNINITIALIZED_AUTOS = YES_AGGRESSIVE;
				GCC_WARN_UNUSED_FUNCTION = YES;
				GCC_WARN_UNUSED_VARIABLE = YES;
				IPHONEOS_DEPLOYMENT_TARGET = 8.0;
				MTL_ENABLE_DEBUG_INFO = NO;
				SDKROOT = iphoneos;
				VALIDATE_PRODUCT = YES;
			};
			name = Release;
		};
		FDCF8CF21AA06A5000321706 /* Debug */ = {
			isa = XCBuildConfiguration;
			buildSettings = {
				ASSETCATALOG_COMPILER_APPICON_NAME = AppIcon;
				INFOPLIST_FILE = CustomTable_1/Info.plist;
				LD_RUNPATH_SEARCH_PATHS = "$(inherited) @executable_path/Frameworks";
				PRODUCT_NAME = "$(TARGET_NAME)";
			};
			name = Debug;
		};
		FDCF8CF31AA06A5000321706 /* Release */ = {
			isa = XCBuildConfiguration;
			buildSettings = {
				ASSETCATALOG_COMPILER_APPICON_NAME = AppIcon;
				INFOPLIST_FILE = CustomTable_1/Info.plist;
				LD_RUNPATH_SEARCH_PATHS = "$(inherited) @executable_path/Frameworks";
				PRODUCT_NAME = "$(TARGET_NAME)";
			};
			name = Release;
		};
		FDCF8CF51AA06A5000321706 /* Debug */ = {
			isa = XCBuildConfiguration;
			buildSettings = {
				BUNDLE_LOADER = "$(TEST_HOST)";
				FRAMEWORK_SEARCH_PATHS = (
					"$(SDKROOT)/Developer/Library/Frameworks",
					"$(inherited)",
				);
				GCC_PREPROCESSOR_DEFINITIONS = (
					"DEBUG=1",
					"$(inherited)",
				);
				INFOPLIST_FILE = CustomTable_1Tests/Info.plist;
				LD_RUNPATH_SEARCH_PATHS = "$(inherited) @executable_path/Frameworks @loader_path/Frameworks";
				PRODUCT_NAME = "$(TARGET_NAME)";
				TEST_HOST = "$(BUILT_PRODUCTS_DIR)/CustomTable_1.app/CustomTable_1";
			};
			name = Debug;
		};
		FDCF8CF61AA06A5000321706 /* Release */ = {
			isa = XCBuildConfiguration;
			buildSettings = {
				BUNDLE_LOADER = "$(TEST_HOST)";
				FRAMEWORK_SEARCH_PATHS = (
					"$(SDKROOT)/Developer/Library/Frameworks",
					"$(inherited)",
				);
				INFOPLIST_FILE = CustomTable_1Tests/Info.plist;
				LD_RUNPATH_SEARCH_PATHS = "$(inherited) @executable_path/Frameworks @loader_path/Frameworks";
				PRODUCT_NAME = "$(TARGET_NAME)";
				TEST_HOST = "$(BUILT_PRODUCTS_DIR)/CustomTable_1.app/CustomTable_1";
			};
			name = Release;
		};
/* End XCBuildConfiguration section */

/* Begin XCConfigurationList section */
		FDCF8CCD1AA06A4F00321706 /* Build configuration list for PBXProject "CustomTable_1" */ = {
			isa = XCConfigurationList;
			buildConfigurations = (
				FDCF8CEF1AA06A5000321706 /* Debug */,
				FDCF8CF01AA06A5000321706 /* Release */,
			);
			defaultConfigurationIsVisible = 0;
			defaultConfigurationName = Release;
		};
		FDCF8CF11AA06A5000321706 /* Build configuration list for PBXNativeTarget "CustomTable_1" */ = {
			isa = XCConfigurationList;
			buildConfigurations = (
				FDCF8CF21AA06A5000321706 /* Debug */,
				FDCF8CF31AA06A5000321706 /* Release */,
			);
			defaultConfigurationIsVisible = 0;
		};
		FDCF8CF41AA06A5000321706 /* Build configuration list for PBXNativeTarget "CustomTable_1Tests" */ = {
			isa = XCConfigurationList;
			buildConfigurations = (
				FDCF8CF51AA06A5000321706 /* Debug */,
				FDCF8CF61AA06A5000321706 /* Release */,
			);
			defaultConfigurationIsVisible = 0;
		};
/* End XCConfigurationList section */
	};
	rootObject = FDCF8CCA1AA06A4F00321706 /* Project object */;
}
