// !$*UTF8*$!
{
	archiveVersion = 1;
	classes = {
	};
	objectVersion = 46;
	objects = {

/* Begin PBXBuildFile section */
		FDB0463E1AB2DF6000649273 /* msu1.png in Resources */ = {isa = PBXBuildFile; fileRef = FDB0463D1AB2DF6000649273 /* msu1.png */; };
		FDB472D31AB2B70500503767 /* AppDelegate.swift in Sources */ = {isa = PBXBuildFile; fileRef = FDB472D21AB2B70500503767 /* AppDelegate.swift */; };
		FDB472D51AB2B70500503767 /* ViewController.swift in Sources */ = {isa = PBXBuildFile; fileRef = FDB472D41AB2B70500503767 /* ViewController.swift */; };
		FDB472D81AB2B70500503767 /* Main.storyboard in Resources */ = {isa = PBXBuildFile; fileRef = FDB472D61AB2B70500503767 /* Main.storyboard */; };
		FDB472DA1AB2B70500503767 /* Images.xcassets in Resources */ = {isa = PBXBuildFile; fileRef = FDB472D91AB2B70500503767 /* Images.xcassets */; };
		FDB472DD1AB2B70500503767 /* LaunchScreen.xib in Resources */ = {isa = PBXBuildFile; fileRef = FDB472DB1AB2B70500503767 /* LaunchScreen.xib */; };
		FDB472E91AB2B70500503767 /* Exam1_55011212115Tests.swift in Sources */ = {isa = PBXBuildFile; fileRef = FDB472E81AB2B70500503767 /* Exam1_55011212115Tests.swift */; };
/* End PBXBuildFile section */

/* Begin PBXContainerItemProxy section */
		FDB472E31AB2B70500503767 /* PBXContainerItemProxy */ = {
			isa = PBXContainerItemProxy;
			containerPortal = FDB472C51AB2B70500503767 /* Project object */;
			proxyType = 1;
			remoteGlobalIDString = FDB472CC1AB2B70500503767;
			remoteInfo = Exam1_55011212115;
		};
/* End PBXContainerItemProxy section */

/* Begin PBXFileReference section */
		FDB0463D1AB2DF6000649273 /* msu1.png */ = {isa = PBXFileReference; lastKnownFileType = image.png; path = msu1.png; sourceTree = "<group>"; };
		FDB472CD1AB2B70500503767 /* Exam1_55011212115.app */ = {isa = PBXFileReference; explicitFileType = wrapper.application; includeInIndex = 0; path = Exam1_55011212115.app; sourceTree = BUILT_PRODUCTS_DIR; };
		FDB472D11AB2B70500503767 /* Info.plist */ = {isa = PBXFileReference; lastKnownFileType = text.plist.xml; path = Info.plist; sourceTree = "<group>"; };
		FDB472D21AB2B70500503767 /* AppDelegate.swift */ = {isa = PBXFileReference; lastKnownFileType = sourcecode.swift; path = AppDelegate.swift; sourceTree = "<group>"; };
		FDB472D41AB2B70500503767 /* ViewController.swift */ = {isa = PBXFileReference; lastKnownFileType = sourcecode.swift; path = ViewController.swift; sourceTree = "<group>"; };
		FDB472D71AB2B70500503767 /* Base */ = {isa = PBXFileReference; lastKnownFileType = file.storyboard; name = Base; path = Base.lproj/Main.storyboard; sourceTree = "<group>"; };
		FDB472D91AB2B70500503767 /* Images.xcassets */ = {isa = PBXFileReference; lastKnownFileType = folder.assetcatalog; path = Images.xcassets; sourceTree = "<group>"; };
		FDB472DC1AB2B70500503767 /* Base */ = {isa = PBXFileReference; lastKnownFileType = file.xib; name = Base; path = Base.lproj/LaunchScreen.xib; sourceTree = "<group>"; };
		FDB472E21AB2B70500503767 /* Exam1_55011212115Tests.xctest */ = {isa = PBXFileReference; explicitFileType = wrapper.cfbundle; includeInIndex = 0; path = Exam1_55011212115Tests.xctest; sourceTree = BUILT_PRODUCTS_DIR; };
		FDB472E71AB2B70500503767 /* Info.plist */ = {isa = PBXFileReference; lastKnownFileType = text.plist.xml; path = Info.plist; sourceTree = "<group>"; };
		FDB472E81AB2B70500503767 /* Exam1_55011212115Tests.swift */ = {isa = PBXFileReference; lastKnownFileType = sourcecode.swift; path = Exam1_55011212115Tests.swift; sourceTree = "<group>"; };
/* End PBXFileReference section */

/* Begin PBXFrameworksBuildPhase section */
		FDB472CA1AB2B70500503767 /* Frameworks */ = {
			isa = PBXFrameworksBuildPhase;
			buildActionMask = 2147483647;
			files = (
			);
			runOnlyForDeploymentPostprocessing = 0;
		};
		FDB472DF1AB2B70500503767 /* Frameworks */ = {
			isa = PBXFrameworksBuildPhase;
			buildActionMask = 2147483647;
			files = (
			);
			runOnlyForDeploymentPostprocessing = 0;
		};
/* End PBXFrameworksBuildPhase section */

/* Begin PBXGroup section */
		FDB472C41AB2B70500503767 = {
			isa = PBXGroup;
			children = (
				FDB472CF1AB2B70500503767 /* Exam1_55011212115 */,
				FDB472E51AB2B70500503767 /* Exam1_55011212115Tests */,
				FDB472CE1AB2B70500503767 /* Products */,
			);
			sourceTree = "<group>";
		};
		FDB472CE1AB2B70500503767 /* Products */ = {
			isa = PBXGroup;
			children = (
				FDB472CD1AB2B70500503767 /* Exam1_55011212115.app */,
				FDB472E21AB2B70500503767 /* Exam1_55011212115Tests.xctest */,
			);
			name = Products;
			sourceTree = "<group>";
		};
		FDB472CF1AB2B70500503767 /* Exam1_55011212115 */ = {
			isa = PBXGroup;
			children = (
				FDB472D21AB2B70500503767 /* AppDelegate.swift */,
				FDB472D41AB2B70500503767 /* ViewController.swift */,
				FDB472D61AB2B70500503767 /* Main.storyboard */,
				FDB472D91AB2B70500503767 /* Images.xcassets */,
				FDB472DB1AB2B70500503767 /* LaunchScreen.xib */,
				FDB472D01AB2B70500503767 /* Supporting Files */,
			);
			path = Exam1_55011212115;
			sourceTree = "<group>";
		};
		FDB472D01AB2B70500503767 /* Supporting Files */ = {
			isa = PBXGroup;
			children = (
				FDB0463D1AB2DF6000649273 /* msu1.png */,
				FDB472D11AB2B70500503767 /* Info.plist */,
			);
			name = "Supporting Files";
			sourceTree = "<group>";
		};
		FDB472E51AB2B70500503767 /* Exam1_55011212115Tests */ = {
			isa = PBXGroup;
			children = (
				FDB472E81AB2B70500503767 /* Exam1_55011212115Tests.swift */,
				FDB472E61AB2B70500503767 /* Supporting Files */,
			);
			path = Exam1_55011212115Tests;
			sourceTree = "<group>";
		};
		FDB472E61AB2B70500503767 /* Supporting Files */ = {
			isa = PBXGroup;
			children = (
				FDB472E71AB2B70500503767 /* Info.plist */,
			);
			name = "Supporting Files";
			sourceTree = "<group>";
		};
/* End PBXGroup section */

/* Begin PBXNativeTarget section */
		FDB472CC1AB2B70500503767 /* Exam1_55011212115 */ = {
			isa = PBXNativeTarget;
			buildConfigurationList = FDB472EC1AB2B70500503767 /* Build configuration list for PBXNativeTarget "Exam1_55011212115" */;
			buildPhases = (
				FDB472C91AB2B70500503767 /* Sources */,
				FDB472CA1AB2B70500503767 /* Frameworks */,
				FDB472CB1AB2B70500503767 /* Resources */,
			);
			buildRules = (
			);
			dependencies = (
			);
			name = Exam1_55011212115;
			productName = Exam1_55011212115;
			productReference = FDB472CD1AB2B70500503767 /* Exam1_55011212115.app */;
			productType = "com.apple.product-type.application";
		};
		FDB472E11AB2B70500503767 /* Exam1_55011212115Tests */ = {
			isa = PBXNativeTarget;
			buildConfigurationList = FDB472EF1AB2B70500503767 /* Build configuration list for PBXNativeTarget "Exam1_55011212115Tests" */;
			buildPhases = (
				FDB472DE1AB2B70500503767 /* Sources */,
				FDB472DF1AB2B70500503767 /* Frameworks */,
				FDB472E01AB2B70500503767 /* Resources */,
			);
			buildRules = (
			);
			dependencies = (
				FDB472E41AB2B70500503767 /* PBXTargetDependency */,
			);
			name = Exam1_55011212115Tests;
			productName = Exam1_55011212115Tests;
			productReference = FDB472E21AB2B70500503767 /* Exam1_55011212115Tests.xctest */;
			productType = "com.apple.product-type.bundle.unit-test";
		};
/* End PBXNativeTarget section */

/* Begin PBXProject section */
		FDB472C51AB2B70500503767 /* Project object */ = {
			isa = PBXProject;
			attributes = {
				LastUpgradeCheck = 0600;
				ORGANIZATIONNAME = iStudents;
				TargetAttributes = {
					FDB472CC1AB2B70500503767 = {
						CreatedOnToolsVersion = 6.0;
					};
					FDB472E11AB2B70500503767 = {
						CreatedOnToolsVersion = 6.0;
						TestTargetID = FDB472CC1AB2B70500503767;
					};
				};
			};
			buildConfigurationList = FDB472C81AB2B70500503767 /* Build configuration list for PBXProject "Exam1_55011212115" */;
			compatibilityVersion = "Xcode 3.2";
			developmentRegion = English;
			hasScannedForEncodings = 0;
			knownRegions = (
				en,
				Base,
			);
			mainGroup = FDB472C41AB2B70500503767;
			productRefGroup = FDB472CE1AB2B70500503767 /* Products */;
			projectDirPath = "";
			projectRoot = "";
			targets = (
				FDB472CC1AB2B70500503767 /* Exam1_55011212115 */,
				FDB472E11AB2B70500503767 /* Exam1_55011212115Tests */,
			);
		};
/* End PBXProject section */

/* Begin PBXResourcesBuildPhase section */
		FDB472CB1AB2B70500503767 /* Resources */ = {
			isa = PBXResourcesBuildPhase;
			buildActionMask = 2147483647;
			files = (
				FDB472D81AB2B70500503767 /* Main.storyboard in Resources */,
				FDB0463E1AB2DF6000649273 /* msu1.png in Resources */,
				FDB472DD1AB2B70500503767 /* LaunchScreen.xib in Resources */,
				FDB472DA1AB2B70500503767 /* Images.xcassets in Resources */,
			);
			runOnlyForDeploymentPostprocessing = 0;
		};
		FDB472E01AB2B70500503767 /* Resources */ = {
			isa = PBXResourcesBuildPhase;
			buildActionMask = 2147483647;
			files = (
			);
			runOnlyForDeploymentPostprocessing = 0;
		};
/* End PBXResourcesBuildPhase section */

/* Begin PBXSourcesBuildPhase section */
		FDB472C91AB2B70500503767 /* Sources */ = {
			isa = PBXSourcesBuildPhase;
			buildActionMask = 2147483647;
			files = (
				FDB472D51AB2B70500503767 /* ViewController.swift in Sources */,
				FDB472D31AB2B70500503767 /* AppDelegate.swift in Sources */,
			);
			runOnlyForDeploymentPostprocessing = 0;
		};
		FDB472DE1AB2B70500503767 /* Sources */ = {
			isa = PBXSourcesBuildPhase;
			buildActionMask = 2147483647;
			files = (
				FDB472E91AB2B70500503767 /* Exam1_55011212115Tests.swift in Sources */,
			);
			runOnlyForDeploymentPostprocessing = 0;
		};
/* End PBXSourcesBuildPhase section */

/* Begin PBXTargetDependency section */
		FDB472E41AB2B70500503767 /* PBXTargetDependency */ = {
			isa = PBXTargetDependency;
			target = FDB472CC1AB2B70500503767 /* Exam1_55011212115 */;
			targetProxy = FDB472E31AB2B70500503767 /* PBXContainerItemProxy */;
		};
/* End PBXTargetDependency section */

/* Begin PBXVariantGroup section */
		FDB472D61AB2B70500503767 /* Main.storyboard */ = {
			isa = PBXVariantGroup;
			children = (
				FDB472D71AB2B70500503767 /* Base */,
			);
			name = Main.storyboard;
			sourceTree = "<group>";
		};
		FDB472DB1AB2B70500503767 /* LaunchScreen.xib */ = {
			isa = PBXVariantGroup;
			children = (
				FDB472DC1AB2B70500503767 /* Base */,
			);
			name = LaunchScreen.xib;
			sourceTree = "<group>";
		};
/* End PBXVariantGroup section */

/* Begin XCBuildConfiguration section */
		FDB472EA1AB2B70500503767 /* Debug */ = {
			isa = XCBuildConfiguration;
			buildSettings = {
				ALWAYS_SEARCH_USER_PATHS = NO;
				CLANG_CXX_LANGUAGE_STANDARD = "gnu++0x";
				CLANG_CXX_LIBRARY = "libc++";
				CLANG_ENABLE_MODULES = YES;
				CLANG_ENABLE_OBJC_ARC = YES;
				CLANG_WARN_BOOL_CONVERSION = YES;
				CLANG_WARN_CONSTANT_CONVERSION = YES;
				CLANG_WARN_DIRECT_OBJC_ISA_USAGE = YES_ERROR;
				CLANG_WARN_EMPTY_BODY = YES;
				CLANG_WARN_ENUM_CONVERSION = YES;
				CLANG_WARN_INT_CONVERSION = YES;
				CLANG_WARN_OBJC_ROOT_CLASS = YES_ERROR;
				CLANG_WARN_UNREACHABLE_CODE = YES;
				CLANG_WARN__DUPLICATE_METHOD_MATCH = YES;
				"CODE_SIGN_IDENTITY[sdk=iphoneos*]" = "iPhone Developer";
				COPY_PHASE_STRIP = NO;
				ENABLE_STRICT_OBJC_MSGSEND = YES;
				GCC_C_LANGUAGE_STANDARD = gnu99;
				GCC_DYNAMIC_NO_PIC = NO;
				GCC_OPTIMIZATION_LEVEL = 0;
				GCC_PREPROCESSOR_DEFINITIONS = (
					"DEBUG=1",
					"$(inherited)",
				);
				GCC_SYMBOLS_PRIVATE_EXTERN = NO;
				GCC_WARN_64_TO_32_BIT_CONVERSION = YES;
				GCC_WARN_ABOUT_RETURN_TYPE = YES_ERROR;
				GCC_WARN_UNDECLARED_SELECTOR = YES;
				GCC_WARN_UNINITIALIZED_AUTOS = YES_AGGRESSIVE;
				GCC_WARN_UNUSED_FUNCTION = YES;
				GCC_WARN_UNUSED_VARIABLE = YES;
				IPHONEOS_DEPLOYMENT_TARGET = 8.0;
				MTL_ENABLE_DEBUG_INFO = YES;
				ONLY_ACTIVE_ARCH = YES;
				SDKROOT = iphoneos;
				SWIFT_OPTIMIZATION_LEVEL = "-Onone";
			};
			name = Debug;
		};
		FDB472EB1AB2B70500503767 /* Release */ = {
			isa = XCBuildConfiguration;
			buildSettings = {
				ALWAYS_SEARCH_USER_PATHS = NO;
				CLANG_CXX_LANGUAGE_STANDARD = "gnu++0x";
				CLANG_CXX_LIBRARY = "libc++";
				CLANG_ENABLE_MODULES = YES;
				CLANG_ENABLE_OBJC_ARC = YES;
				CLANG_WARN_BOOL_CONVERSION = YES;
				CLANG_WARN_CONSTANT_CONVERSION = YES;
				CLANG_WARN_DIRECT_OBJC_ISA_USAGE = YES_ERROR;
				CLANG_WARN_EMPTY_BODY = YES;
				CLANG_WARN_ENUM_CONVERSION = YES;
				CLANG_WARN_INT_CONVERSION = YES;
				CLANG_WARN_OBJC_ROOT_CLASS = YES_ERROR;
				CLANG_WARN_UNREACHABLE_CODE = YES;
				CLANG_WARN__DUPLICATE_METHOD_MATCH = YES;
				"CODE_SIGN_IDENTITY[sdk=iphoneos*]" = "iPhone Developer";
				COPY_PHASE_STRIP = YES;
				ENABLE_NS_ASSERTIONS = NO;
				ENABLE_STRICT_OBJC_MSGSEND = YES;
				GCC_C_LANGUAGE_STANDARD = gnu99;
				GCC_WARN_64_TO_32_BIT_CONVERSION = YES;
				GCC_WARN_ABOUT_RETURN_TYPE = YES_ERROR;
				GCC_WARN_UNDECLARED_SELECTOR = YES;
				GCC_WARN_UNINITIALIZED_AUTOS = YES_AGGRESSIVE;
				GCC_WARN_UNUSED_FUNCTION = YES;
				GCC_WARN_UNUSED_VARIABLE = YES;
				IPHONEOS_DEPLOYMENT_TARGET = 8.0;
				MTL_ENABLE_DEBUG_INFO = NO;
				SDKROOT = iphoneos;
				VALIDATE_PRODUCT = YES;
			};
			name = Release;
		};
		FDB472ED1AB2B70500503767 /* Debug */ = {
			isa = XCBuildConfiguration;
			buildSettings = {
				ASSETCATALOG_COMPILER_APPICON_NAME = AppIcon;
				INFOPLIST_FILE = Exam1_55011212115/Info.plist;
				LD_RUNPATH_SEARCH_PATHS = "$(inherited) @executable_path/Frameworks";
				PRODUCT_NAME = "$(TARGET_NAME)";
			};
			name = Debug;
		};
		FDB472EE1AB2B70500503767 /* Release */ = {
			isa = XCBuildConfiguration;
			buildSettings = {
				ASSETCATALOG_COMPILER_APPICON_NAME = AppIcon;
				INFOPLIST_FILE = Exam1_55011212115/Info.plist;
				LD_RUNPATH_SEARCH_PATHS = "$(inherited) @executable_path/Frameworks";
				PRODUCT_NAME = "$(TARGET_NAME)";
			};
			name = Release;
		};
		FDB472F01AB2B70500503767 /* Debug */ = {
			isa = XCBuildConfiguration;
			buildSettings = {
				BUNDLE_LOADER = "$(TEST_HOST)";
				FRAMEWORK_SEARCH_PATHS = (
					"$(SDKROOT)/Developer/Library/Frameworks",
					"$(inherited)",
				);
				GCC_PREPROCESSOR_DEFINITIONS = (
					"DEBUG=1",
					"$(inherited)",
				);
				INFOPLIST_FILE = Exam1_55011212115Tests/Info.plist;
				LD_RUNPATH_SEARCH_PATHS = "$(inherited) @executable_path/Frameworks @loader_path/Frameworks";
				PRODUCT_NAME = "$(TARGET_NAME)";
				TEST_HOST = "$(BUILT_PRODUCTS_DIR)/Exam1_55011212115.app/Exam1_55011212115";
			};
			name = Debug;
		};
		FDB472F11AB2B70500503767 /* Release */ = {
			isa = XCBuildConfiguration;
			buildSettings = {
				BUNDLE_LOADER = "$(TEST_HOST)";
				FRAMEWORK_SEARCH_PATHS = (
					"$(SDKROOT)/Developer/Library/Frameworks",
					"$(inherited)",
				);
				INFOPLIST_FILE = Exam1_55011212115Tests/Info.plist;
				LD_RUNPATH_SEARCH_PATHS = "$(inherited) @executable_path/Frameworks @loader_path/Frameworks";
				PRODUCT_NAME = "$(TARGET_NAME)";
				TEST_HOST = "$(BUILT_PRODUCTS_DIR)/Exam1_55011212115.app/Exam1_55011212115";
			};
			name = Release;
		};
/* End XCBuildConfiguration section */

/* Begin XCConfigurationList section */
		FDB472C81AB2B70500503767 /* Build configuration list for PBXProject "Exam1_55011212115" */ = {
			isa = XCConfigurationList;
			buildConfigurations = (
				FDB472EA1AB2B70500503767 /* Debug */,
				FDB472EB1AB2B70500503767 /* Release */,
			);
			defaultConfigurationIsVisible = 0;
			defaultConfigurationName = Release;
		};
		FDB472EC1AB2B70500503767 /* Build configuration list for PBXNativeTarget "Exam1_55011212115" */ = {
			isa = XCConfigurationList;
			buildConfigurations = (
				FDB472ED1AB2B70500503767 /* Debug */,
				FDB472EE1AB2B70500503767 /* Release */,
			);
			defaultConfigurationIsVisible = 0;
			defaultConfigurationName = Release;
		};
		FDB472EF1AB2B70500503767 /* Build configuration list for PBXNativeTarget "Exam1_55011212115Tests" */ = {
			isa = XCConfigurationList;
			buildConfigurations = (
				FDB472F01AB2B70500503767 /* Debug */,
				FDB472F11AB2B70500503767 /* Release */,
			);
			defaultConfigurationIsVisible = 0;
			defaultConfigurationName = Release;
		};
/* End XCConfigurationList section */
	};
	rootObject = FDB472C51AB2B70500503767 /* Project object */;
}
