// !$*UTF8*$!
{
	archiveVersion = 1;
	classes = {
	};
	objectVersion = 46;
	objects = {

/* Begin PBXBuildFile section */
		FD459C531AA992F800745B69 /* AppDelegate.swift in Sources */ = {isa = PBXBuildFile; fileRef = FD459C521AA992F800745B69 /* AppDelegate.swift */; };
		FD459C551AA992F800745B69 /* ViewController.swift in Sources */ = {isa = PBXBuildFile; fileRef = FD459C541AA992F800745B69 /* ViewController.swift */; };
		FD459C581AA992F800745B69 /* Main.storyboard in Resources */ = {isa = PBXBuildFile; fileRef = FD459C561AA992F800745B69 /* Main.storyboard */; };
		FD459C5A1AA992F800745B69 /* Images.xcassets in Resources */ = {isa = PBXBuildFile; fileRef = FD459C591AA992F800745B69 /* Images.xcassets */; };
		FD459C5D1AA992F800745B69 /* LaunchScreen.xib in Resources */ = {isa = PBXBuildFile; fileRef = FD459C5B1AA992F800745B69 /* LaunchScreen.xib */; };
		FD459C691AA992F800745B69 /* MsuPresentTests.swift in Sources */ = {isa = PBXBuildFile; fileRef = FD459C681AA992F800745B69 /* MsuPresentTests.swift */; };
		FD459C731AA9983100745B69 /* ColorTwoViewController.swift in Sources */ = {isa = PBXBuildFile; fileRef = FD459C721AA9983100745B69 /* ColorTwoViewController.swift */; };
/* End PBXBuildFile section */

/* Begin PBXContainerItemProxy section */
		FD459C631AA992F800745B69 /* PBXContainerItemProxy */ = {
			isa = PBXContainerItemProxy;
			containerPortal = FD459C451AA992F800745B69 /* Project object */;
			proxyType = 1;
			remoteGlobalIDString = FD459C4C1AA992F800745B69;
			remoteInfo = MsuPresent;
		};
/* End PBXContainerItemProxy section */

/* Begin PBXFileReference section */
		FD459C4D1AA992F800745B69 /* MsuPresent.app */ = {isa = PBXFileReference; explicitFileType = wrapper.application; includeInIndex = 0; path = MsuPresent.app; sourceTree = BUILT_PRODUCTS_DIR; };
		FD459C511AA992F800745B69 /* Info.plist */ = {isa = PBXFileReference; lastKnownFileType = text.plist.xml; path = Info.plist; sourceTree = "<group>"; };
		FD459C521AA992F800745B69 /* AppDelegate.swift */ = {isa = PBXFileReference; lastKnownFileType = sourcecode.swift; path = AppDelegate.swift; sourceTree = "<group>"; };
		FD459C541AA992F800745B69 /* ViewController.swift */ = {isa = PBXFileReference; lastKnownFileType = sourcecode.swift; path = ViewController.swift; sourceTree = "<group>"; };
		FD459C571AA992F800745B69 /* Base */ = {isa = PBXFileReference; lastKnownFileType = file.storyboard; name = Base; path = Base.lproj/Main.storyboard; sourceTree = "<group>"; };
		FD459C591AA992F800745B69 /* Images.xcassets */ = {isa = PBXFileReference; lastKnownFileType = folder.assetcatalog; path = Images.xcassets; sourceTree = "<group>"; };
		FD459C5C1AA992F800745B69 /* Base */ = {isa = PBXFileReference; lastKnownFileType = file.xib; name = Base; path = Base.lproj/LaunchScreen.xib; sourceTree = "<group>"; };
		FD459C621AA992F800745B69 /* MsuPresentTests.xctest */ = {isa = PBXFileReference; explicitFileType = wrapper.cfbundle; includeInIndex = 0; path = MsuPresentTests.xctest; sourceTree = BUILT_PRODUCTS_DIR; };
		FD459C671AA992F800745B69 /* Info.plist */ = {isa = PBXFileReference; lastKnownFileType = text.plist.xml; path = Info.plist; sourceTree = "<group>"; };
		FD459C681AA992F800745B69 /* MsuPresentTests.swift */ = {isa = PBXFileReference; lastKnownFileType = sourcecode.swift; path = MsuPresentTests.swift; sourceTree = "<group>"; };
		FD459C721AA9983100745B69 /* ColorTwoViewController.swift */ = {isa = PBXFileReference; fileEncoding = 4; lastKnownFileType = sourcecode.swift; path = ColorTwoViewController.swift; sourceTree = "<group>"; };
/* End PBXFileReference section */

/* Begin PBXFrameworksBuildPhase section */
		FD459C4A1AA992F800745B69 /* Frameworks */ = {
			isa = PBXFrameworksBuildPhase;
			buildActionMask = 2147483647;
			files = (
			);
			runOnlyForDeploymentPostprocessing = 0;
		};
		FD459C5F1AA992F800745B69 /* Frameworks */ = {
			isa = PBXFrameworksBuildPhase;
			buildActionMask = 2147483647;
			files = (
			);
			runOnlyForDeploymentPostprocessing = 0;
		};
/* End PBXFrameworksBuildPhase section */

/* Begin PBXGroup section */
		FD459C441AA992F800745B69 = {
			isa = PBXGroup;
			children = (
				FD459C4F1AA992F800745B69 /* MsuPresent */,
				FD459C651AA992F800745B69 /* MsuPresentTests */,
				FD459C4E1AA992F800745B69 /* Products */,
			);
			sourceTree = "<group>";
		};
		FD459C4E1AA992F800745B69 /* Products */ = {
			isa = PBXGroup;
			children = (
				FD459C4D1AA992F800745B69 /* MsuPresent.app */,
				FD459C621AA992F800745B69 /* MsuPresentTests.xctest */,
			);
			name = Products;
			sourceTree = "<group>";
		};
		FD459C4F1AA992F800745B69 /* MsuPresent */ = {
			isa = PBXGroup;
			children = (
				FD459C521AA992F800745B69 /* AppDelegate.swift */,
				FD459C561AA992F800745B69 /* Main.storyboard */,
				FD459C541AA992F800745B69 /* ViewController.swift */,
				FD459C721AA9983100745B69 /* ColorTwoViewController.swift */,
				FD459C591AA992F800745B69 /* Images.xcassets */,
				FD459C5B1AA992F800745B69 /* LaunchScreen.xib */,
				FD459C501AA992F800745B69 /* Supporting Files */,
			);
			path = MsuPresent;
			sourceTree = "<group>";
		};
		FD459C501AA992F800745B69 /* Supporting Files */ = {
			isa = PBXGroup;
			children = (
				FD459C511AA992F800745B69 /* Info.plist */,
			);
			name = "Supporting Files";
			sourceTree = "<group>";
		};
		FD459C651AA992F800745B69 /* MsuPresentTests */ = {
			isa = PBXGroup;
			children = (
				FD459C681AA992F800745B69 /* MsuPresentTests.swift */,
				FD459C661AA992F800745B69 /* Supporting Files */,
			);
			path = MsuPresentTests;
			sourceTree = "<group>";
		};
		FD459C661AA992F800745B69 /* Supporting Files */ = {
			isa = PBXGroup;
			children = (
				FD459C671AA992F800745B69 /* Info.plist */,
			);
			name = "Supporting Files";
			sourceTree = "<group>";
		};
/* End PBXGroup section */

/* Begin PBXNativeTarget section */
		FD459C4C1AA992F800745B69 /* MsuPresent */ = {
			isa = PBXNativeTarget;
			buildConfigurationList = FD459C6C1AA992F800745B69 /* Build configuration list for PBXNativeTarget "MsuPresent" */;
			buildPhases = (
				FD459C491AA992F800745B69 /* Sources */,
				FD459C4A1AA992F800745B69 /* Frameworks */,
				FD459C4B1AA992F800745B69 /* Resources */,
			);
			buildRules = (
			);
			dependencies = (
			);
			name = MsuPresent;
			productName = MsuPresent;
			productReference = FD459C4D1AA992F800745B69 /* MsuPresent.app */;
			productType = "com.apple.product-type.application";
		};
		FD459C611AA992F800745B69 /* MsuPresentTests */ = {
			isa = PBXNativeTarget;
			buildConfigurationList = FD459C6F1AA992F800745B69 /* Build configuration list for PBXNativeTarget "MsuPresentTests" */;
			buildPhases = (
				FD459C5E1AA992F800745B69 /* Sources */,
				FD459C5F1AA992F800745B69 /* Frameworks */,
				FD459C601AA992F800745B69 /* Resources */,
			);
			buildRules = (
			);
			dependencies = (
				FD459C641AA992F800745B69 /* PBXTargetDependency */,
			);
			name = MsuPresentTests;
			productName = MsuPresentTests;
			productReference = FD459C621AA992F800745B69 /* MsuPresentTests.xctest */;
			productType = "com.apple.product-type.bundle.unit-test";
		};
/* End PBXNativeTarget section */

/* Begin PBXProject section */
		FD459C451AA992F800745B69 /* Project object */ = {
			isa = PBXProject;
			attributes = {
				LastUpgradeCheck = 0600;
				ORGANIZATIONNAME = iStudents;
				TargetAttributes = {
					FD459C4C1AA992F800745B69 = {
						CreatedOnToolsVersion = 6.0;
					};
					FD459C611AA992F800745B69 = {
						CreatedOnToolsVersion = 6.0;
						TestTargetID = FD459C4C1AA992F800745B69;
					};
				};
			};
			buildConfigurationList = FD459C481AA992F800745B69 /* Build configuration list for PBXProject "MsuPresent" */;
			compatibilityVersion = "Xcode 3.2";
			developmentRegion = English;
			hasScannedForEncodings = 0;
			knownRegions = (
				en,
				Base,
			);
			mainGroup = FD459C441AA992F800745B69;
			productRefGroup = FD459C4E1AA992F800745B69 /* Products */;
			projectDirPath = "";
			projectRoot = "";
			targets = (
				FD459C4C1AA992F800745B69 /* MsuPresent */,
				FD459C611AA992F800745B69 /* MsuPresentTests */,
			);
		};
/* End PBXProject section */

/* Begin PBXResourcesBuildPhase section */
		FD459C4B1AA992F800745B69 /* Resources */ = {
			isa = PBXResourcesBuildPhase;
			buildActionMask = 2147483647;
			files = (
				FD459C581AA992F800745B69 /* Main.storyboard in Resources */,
				FD459C5D1AA992F800745B69 /* LaunchScreen.xib in Resources */,
				FD459C5A1AA992F800745B69 /* Images.xcassets in Resources */,
			);
			runOnlyForDeploymentPostprocessing = 0;
		};
		FD459C601AA992F800745B69 /* Resources */ = {
			isa = PBXResourcesBuildPhase;
			buildActionMask = 2147483647;
			files = (
			);
			runOnlyForDeploymentPostprocessing = 0;
		};
/* End PBXResourcesBuildPhase section */

/* Begin PBXSourcesBuildPhase section */
		FD459C491AA992F800745B69 /* Sources */ = {
			isa = PBXSourcesBuildPhase;
			buildActionMask = 2147483647;
			files = (
				FD459C551AA992F800745B69 /* ViewController.swift in Sources */,
				FD459C531AA992F800745B69 /* AppDelegate.swift in Sources */,
				FD459C731AA9983100745B69 /* ColorTwoViewController.swift in Sources */,
			);
			runOnlyForDeploymentPostprocessing = 0;
		};
		FD459C5E1AA992F800745B69 /* Sources */ = {
			isa = PBXSourcesBuildPhase;
			buildActionMask = 2147483647;
			files = (
				FD459C691AA992F800745B69 /* MsuPresentTests.swift in Sources */,
			);
			runOnlyForDeploymentPostprocessing = 0;
		};
/* End PBXSourcesBuildPhase section */

/* Begin PBXTargetDependency section */
		FD459C641AA992F800745B69 /* PBXTargetDependency */ = {
			isa = PBXTargetDependency;
			target = FD459C4C1AA992F800745B69 /* MsuPresent */;
			targetProxy = FD459C631AA992F800745B69 /* PBXContainerItemProxy */;
		};
/* End PBXTargetDependency section */

/* Begin PBXVariantGroup section */
		FD459C561AA992F800745B69 /* Main.storyboard */ = {
			isa = PBXVariantGroup;
			children = (
				FD459C571AA992F800745B69 /* Base */,
			);
			name = Main.storyboard;
			sourceTree = "<group>";
		};
		FD459C5B1AA992F800745B69 /* LaunchScreen.xib */ = {
			isa = PBXVariantGroup;
			children = (
				FD459C5C1AA992F800745B69 /* Base */,
			);
			name = LaunchScreen.xib;
			sourceTree = "<group>";
		};
/* End PBXVariantGroup section */

/* Begin XCBuildConfiguration section */
		FD459C6A1AA992F800745B69 /* Debug */ = {
			isa = XCBuildConfiguration;
			buildSettings = {
				ALWAYS_SEARCH_USER_PATHS = NO;
				CLANG_CXX_LANGUAGE_STANDARD = "gnu++0x";
				CLANG_CXX_LIBRARY = "libc++";
				CLANG_ENABLE_MODULES = YES;
				CLANG_ENABLE_OBJC_ARC = YES;
				CLANG_WARN_BOOL_CONVERSION = YES;
				CLANG_WARN_CONSTANT_CONVERSION = YES;
				CLANG_WARN_DIRECT_OBJC_ISA_USAGE = YES_ERROR;
				CLANG_WARN_EMPTY_BODY = YES;
				CLANG_WARN_ENUM_CONVERSION = YES;
				CLANG_WARN_INT_CONVERSION = YES;
				CLANG_WARN_OBJC_ROOT_CLASS = YES_ERROR;
				CLANG_WARN_UNREACHABLE_CODE = YES;
				CLANG_WARN__DUPLICATE_METHOD_MATCH = YES;
				"CODE_SIGN_IDENTITY[sdk=iphoneos*]" = "iPhone Developer";
				COPY_PHASE_STRIP = NO;
				ENABLE_STRICT_OBJC_MSGSEND = YES;
				GCC_C_LANGUAGE_STANDARD = gnu99;
				GCC_DYNAMIC_NO_PIC = NO;
				GCC_OPTIMIZATION_LEVEL = 0;
				GCC_PREPROCESSOR_DEFINITIONS = (
					"DEBUG=1",
					"$(inherited)",
				);
				GCC_SYMBOLS_PRIVATE_EXTERN = NO;
				GCC_WARN_64_TO_32_BIT_CONVERSION = YES;
				GCC_WARN_ABOUT_RETURN_TYPE = YES_ERROR;
				GCC_WARN_UNDECLARED_SELECTOR = YES;
				GCC_WARN_UNINITIALIZED_AUTOS = YES_AGGRESSIVE;
				GCC_WARN_UNUSED_FUNCTION = YES;
				GCC_WARN_UNUSED_VARIABLE = YES;
				IPHONEOS_DEPLOYMENT_TARGET = 8.0;
				MTL_ENABLE_DEBUG_INFO = YES;
				ONLY_ACTIVE_ARCH = YES;
				SDKROOT = iphoneos;
				SWIFT_OPTIMIZATION_LEVEL = "-Onone";
			};
			name = Debug;
		};
		FD459C6B1AA992F800745B69 /* Release */ = {
			isa = XCBuildConfiguration;
			buildSettings = {
				ALWAYS_SEARCH_USER_PATHS = NO;
				CLANG_CXX_LANGUAGE_STANDARD = "gnu++0x";
				CLANG_CXX_LIBRARY = "libc++";
				CLANG_ENABLE_MODULES = YES;
				CLANG_ENABLE_OBJC_ARC = YES;
				CLANG_WARN_BOOL_CONVERSION = YES;
				CLANG_WARN_CONSTANT_CONVERSION = YES;
				CLANG_WARN_DIRECT_OBJC_ISA_USAGE = YES_ERROR;
				CLANG_WARN_EMPTY_BODY = YES;
				CLANG_WARN_ENUM_CONVERSION = YES;
				CLANG_WARN_INT_CONVERSION = YES;
				CLANG_WARN_OBJC_ROOT_CLASS = YES_ERROR;
				CLANG_WARN_UNREACHABLE_CODE = YES;
				CLANG_WARN__DUPLICATE_METHOD_MATCH = YES;
				"CODE_SIGN_IDENTITY[sdk=iphoneos*]" = "iPhone Developer";
				COPY_PHASE_STRIP = YES;
				ENABLE_NS_ASSERTIONS = NO;
				ENABLE_STRICT_OBJC_MSGSEND = YES;
				GCC_C_LANGUAGE_STANDARD = gnu99;
				GCC_WARN_64_TO_32_BIT_CONVERSION = YES;
				GCC_WARN_ABOUT_RETURN_TYPE = YES_ERROR;
				GCC_WARN_UNDECLARED_SELECTOR = YES;
				GCC_WARN_UNINITIALIZED_AUTOS = YES_AGGRESSIVE;
				GCC_WARN_UNUSED_FUNCTION = YES;
				GCC_WARN_UNUSED_VARIABLE = YES;
				IPHONEOS_DEPLOYMENT_TARGET = 8.0;
				MTL_ENABLE_DEBUG_INFO = NO;
				SDKROOT = iphoneos;
				VALIDATE_PRODUCT = YES;
			};
			name = Release;
		};
		FD459C6D1AA992F800745B69 /* Debug */ = {
			isa = XCBuildConfiguration;
			buildSettings = {
				ASSETCATALOG_COMPILER_APPICON_NAME = AppIcon;
				INFOPLIST_FILE = MsuPresent/Info.plist;
				LD_RUNPATH_SEARCH_PATHS = "$(inherited) @executable_path/Frameworks";
				PRODUCT_NAME = "$(TARGET_NAME)";
			};
			name = Debug;
		};
		FD459C6E1AA992F800745B69 /* Release */ = {
			isa = XCBuildConfiguration;
			buildSettings = {
				ASSETCATALOG_COMPILER_APPICON_NAME = AppIcon;
				INFOPLIST_FILE = MsuPresent/Info.plist;
				LD_RUNPATH_SEARCH_PATHS = "$(inherited) @executable_path/Frameworks";
				PRODUCT_NAME = "$(TARGET_NAME)";
			};
			name = Release;
		};
		FD459C701AA992F800745B69 /* Debug */ = {
			isa = XCBuildConfiguration;
			buildSettings = {
				BUNDLE_LOADER = "$(TEST_HOST)";
				FRAMEWORK_SEARCH_PATHS = (
					"$(SDKROOT)/Developer/Library/Frameworks",
					"$(inherited)",
				);
				GCC_PREPROCESSOR_DEFINITIONS = (
					"DEBUG=1",
					"$(inherited)",
				);
				INFOPLIST_FILE = MsuPresentTests/Info.plist;
				LD_RUNPATH_SEARCH_PATHS = "$(inherited) @executable_path/Frameworks @loader_path/Frameworks";
				PRODUCT_NAME = "$(TARGET_NAME)";
				TEST_HOST = "$(BUILT_PRODUCTS_DIR)/MsuPresent.app/MsuPresent";
			};
			name = Debug;
		};
		FD459C711AA992F800745B69 /* Release */ = {
			isa = XCBuildConfiguration;
			buildSettings = {
				BUNDLE_LOADER = "$(TEST_HOST)";
				FRAMEWORK_SEARCH_PATHS = (
					"$(SDKROOT)/Developer/Library/Frameworks",
					"$(inherited)",
				);
				INFOPLIST_FILE = MsuPresentTests/Info.plist;
				LD_RUNPATH_SEARCH_PATHS = "$(inherited) @executable_path/Frameworks @loader_path/Frameworks";
				PRODUCT_NAME = "$(TARGET_NAME)";
				TEST_HOST = "$(BUILT_PRODUCTS_DIR)/MsuPresent.app/MsuPresent";
			};
			name = Release;
		};
/* End XCBuildConfiguration section */

/* Begin XCConfigurationList section */
		FD459C481AA992F800745B69 /* Build configuration list for PBXProject "MsuPresent" */ = {
			isa = XCConfigurationList;
			buildConfigurations = (
				FD459C6A1AA992F800745B69 /* Debug */,
				FD459C6B1AA992F800745B69 /* Release */,
			);
			defaultConfigurationIsVisible = 0;
			defaultConfigurationName = Release;
		};
		FD459C6C1AA992F800745B69 /* Build configuration list for PBXNativeTarget "MsuPresent" */ = {
			isa = XCConfigurationList;
			buildConfigurations = (
				FD459C6D1AA992F800745B69 /* Debug */,
				FD459C6E1AA992F800745B69 /* Release */,
			);
			defaultConfigurationIsVisible = 0;
		};
		FD459C6F1AA992F800745B69 /* Build configuration list for PBXNativeTarget "MsuPresentTests" */ = {
			isa = XCConfigurationList;
			buildConfigurations = (
				FD459C701AA992F800745B69 /* Debug */,
				FD459C711AA992F800745B69 /* Release */,
			);
			defaultConfigurationIsVisible = 0;
		};
/* End XCConfigurationList section */
	};
	rootObject = FD459C451AA992F800745B69 /* Project object */;
}
